PODS:
  - MBProgressHUD (1.2.0)
  - NVActivityIndicatorView (4.8.0):
    - NVActivityIndicatorView/Presenter (= 4.8.0)
  - NVActivityIndicatorView/Presenter (4.8.0)
  - RJUtils_Swift (1.0.0):
    - MBProgressHUD (~> 1.2.0)
    - NVActivityIndicatorView (~> 4.8.0)

DEPENDENCIES:
  - RJUtils_Swift (from `../`)

SPEC REPOS:
  https://github.com/CocoaPods/Specs.git:
    - MBProgressHUD
    - NVActivityIndicatorView

EXTERNAL SOURCES:
  RJUtils_Swift:
    :path: "../"

SPEC CHECKSUMS:
  MBProgressHUD: 3ee5efcc380f6a79a7cc9b363dd669c5e1ae7406
  NVActivityIndicatorView: d24b7ebcf80af5dcd994adb650e2b6c93379270f
  RJUtils_Swift: e0d168efe83043f52402c6dcd8b0f3065cbeb031

PODFILE CHECKSUM: 3fc5f32e44400b4aff0a086a34c82a47af056bf4

COCOAPODS: 1.9.3
